
Microsoft Visual Studio Solution File, Format Version 12.00
# Visual Studio Version 17
VisualStudioVersion = 17.9.34701.34
MinimumVisualStudioVersion = 10.0.40219.1
Project("{9A19103F-16F7-4668-BE54-9A1E7A4F7556}") = "Expert.API", "Expert.API\Expert.API.csproj", "{FB7FA692-D87F-45A1-A750-8265DDEB4178}"
EndProject
Project("{9A19103F-16F7-4668-BE54-9A1E7A4F7556}") = "Expert.Domain", "Expert.Domain\Expert.Domain.csproj", "{7C147099-C8F2-494D-8179-68CC0A2021F7}"
EndProject
Project("{9A19103F-16F7-4668-BE54-9A1E7A4F7556}") = "Expert.Infrastructure", "Expert.Infrastructure\Expert.Infrastructure.csproj", "{4A8D7800-BCC8-49F7-8D74-45D4C27E9ADC}"
EndProject
Project("{9A19103F-16F7-4668-BE54-9A1E7A4F7556}") = "Expert.Application", "Expert.Application\Expert.Application.csproj", "{F2D603FF-4428-45DE-B920-EE9564BF1E5C}"
EndProject
Project("{9A19103F-16F7-4668-BE54-9A1E7A4F7556}") = "Expert.UnitTests", "Expert.UnitTests\Expert.UnitTests.csproj", "{F543402D-0E9D-4EE5-8076-F10BD4AD1128}"
EndProject
Global
	GlobalSection(SolutionConfigurationPlatforms) = preSolution
		Debug|Any CPU = Debug|Any CPU
		Release|Any CPU = Release|Any CPU
	EndGlobalSection
	GlobalSection(ProjectConfigurationPlatforms) = postSolution
		{FB7FA692-D87F-45A1-A750-8265DDEB4178}.Debug|Any CPU.ActiveCfg = Debug|Any CPU
		{FB7FA692-D87F-45A1-A750-8265DDEB4178}.Debug|Any CPU.Build.0 = Debug|Any CPU
		{FB7FA692-D87F-45A1-A750-8265DDEB4178}.Release|Any CPU.ActiveCfg = Release|Any CPU
		{FB7FA692-D87F-45A1-A750-8265DDEB4178}.Release|Any CPU.Build.0 = Release|Any CPU
		{7C147099-C8F2-494D-8179-68CC0A2021F7}.Debug|Any CPU.ActiveCfg = Debug|Any CPU
		{7C147099-C8F2-494D-8179-68CC0A2021F7}.Debug|Any CPU.Build.0 = Debug|Any CPU
		{7C147099-C8F2-494D-8179-68CC0A2021F7}.Release|Any CPU.ActiveCfg = Release|Any CPU
		{7C147099-C8F2-494D-8179-68CC0A2021F7}.Release|Any CPU.Build.0 = Release|Any CPU
		{4A8D7800-BCC8-49F7-8D74-45D4C27E9ADC}.Debug|Any CPU.ActiveCfg = Debug|Any CPU
		{4A8D7800-BCC8-49F7-8D74-45D4C27E9ADC}.Debug|Any CPU.Build.0 = Debug|Any CPU
		{4A8D7800-BCC8-49F7-8D74-45D4C27E9ADC}.Release|Any CPU.ActiveCfg = Release|Any CPU
		{4A8D7800-BCC8-49F7-8D74-45D4C27E9ADC}.Release|Any CPU.Build.0 = Release|Any CPU
		{F2D603FF-4428-45DE-B920-EE9564BF1E5C}.Debug|Any CPU.ActiveCfg = Debug|Any CPU
		{F2D603FF-4428-45DE-B920-EE9564BF1E5C}.Debug|Any CPU.Build.0 = Debug|Any CPU
		{F2D603FF-4428-45DE-B920-EE9564BF1E5C}.Release|Any CPU.ActiveCfg = Release|Any CPU
		{F2D603FF-4428-45DE-B920-EE9564BF1E5C}.Release|Any CPU.Build.0 = Release|Any CPU
		{F543402D-0E9D-4EE5-8076-F10BD4AD1128}.Debug|Any CPU.ActiveCfg = Debug|Any CPU
		{F543402D-0E9D-4EE5-8076-F10BD4AD1128}.Debug|Any CPU.Build.0 = Debug|Any CPU
		{F543402D-0E9D-4EE5-8076-F10BD4AD1128}.Release|Any CPU.ActiveCfg = Release|Any CPU
		{F543402D-0E9D-4EE5-8076-F10BD4AD1128}.Release|Any CPU.Build.0 = Release|Any CPU
	EndGlobalSection
	GlobalSection(SolutionProperties) = preSolution
		HideSolutionNode = FALSE
	EndGlobalSection
	GlobalSection(ExtensibilityGlobals) = postSolution
		SolutionGuid = {51F8A342-D3D6-4552-AB75-85665BC027AB}
	EndGlobalSection
EndGlobal
